Microsoft Visual Studio Solution File, Format Version 12.00
# Visual Studio Version 17
VisualStudioVersion = 17.5.2.0
MinimumVisualStudioVersion = 10.0.40219.1
Project("{FAE04EC0-301F-11D3-BF4B-00C04F79EFBC}") = "StructuralPatterns", "StructuralPatterns.csproj", "{EB6764E3-429E-AB2F-A4D9-E7F17D0B16EE}"
EndProject
Global
	GlobalSection(SolutionConfigurationPlatforms) = preSolution
		Debug|Any CPU = Debug|Any CPU
		Release|Any CPU = Release|Any CPU
	EndGlobalSection
	GlobalSection(ProjectConfigurationPlatforms) = postSolution
		{EB6764E3-429E-AB2F-A4D9-E7F17D0B16EE}.Debug|Any CPU.ActiveCfg = Debug|Any CPU
		{EB6764E3-429E-AB2F-A4D9-E7F17D0B16EE}.Debug|Any CPU.Build.0 = Debug|Any CPU
		{EB6764E3-429E-AB2F-A4D9-E7F17D0B16EE}.Release|Any CPU.ActiveCfg = Release|Any CPU
		{EB6764E3-429E-AB2F-A4D9-E7F17D0B16EE}.Release|Any CPU.Build.0 = Release|Any CPU
	EndGlobalSection
	GlobalSection(SolutionProperties) = preSolution
		HideSolutionNode = FALSE
	EndGlobalSection
	GlobalSection(ExtensibilityGlobals) = postSolution
		SolutionGuid = {7D87F30A-1B68-4123-BA0B-6EDAABCE301C}
	EndGlobalSection
EndGlobal
